{
  "name": "typescript-study",
  "version": "1.0.0",
  "lockfileVersion": 3,
  "requires": true,
  "packages": {
    "": {
      "name": "typescript-study",
      "version": "1.0.0",
      "license": "ISC",
      "dependencies": {
        "undici": "^6.19.8"
      },
      "devDependencies": {
        "@types/node": "^18.19.46"
      }
    },
    "node_modules/@types/node": {
      "version": "18.19.46",
      "resolved": "https://registry.npmjs.org/@types/node/-/node-18.19.46.tgz",
      "integrity": "sha512-vnRgMS7W6cKa1/0G3/DTtQYpVrZ8c0Xm6UkLaVFrb9jtcVC3okokW09Ki1Qdrj9ISokszD69nY4WDLRlvHlhAA==",
      "dev": true,
      "dependencies": {
        "undici-types": "~5.26.4"
      }
    },
    "node_modules/undici": {
      "version": "6.19.8",
      "resolved": "https://registry.npmjs.org/undici/-/undici-6.19.8.tgz",
      "integrity": "sha512-U8uCCl2x9TK3WANvmBavymRzxbfFYG+tAu+fgx3zxQy3qdagQqBLwJVrdyO1TBfUXvfKveMKJZhpvUYoOjM+4g==",
      "engines": {
        "node": ">=18.17"
      }
    },
    "node_modules/undici-types": {
      "version": "5.26.5",
      "resolved": "https://registry.npmjs.org/undici-types/-/undici-types-5.26.5.tgz",
      "integrity": "sha512-JlCMO+ehdEIKqlFxk6IfVoAUVmgz7cU7zD/h9XZ0qzeosSHmUJVOzSQvvYSYWXkFXC+IfLKSIffhv0sVZup6pA==",
      "dev": true
    }
  }
}
